
Microsoft Visual Studio Solution File, Format Version 12.00
# Visual Studio Version 16
VisualStudioVersion = 16.0.30517.126
MinimumVisualStudioVersion = 10.0.40219.1
Project("{9A19103F-16F7-4668-BE54-9A1E7A4F7556}") = "sol_Job_Bank", "sol_Job_Bank.csproj", "{FB26B2FB-4963-4543-B633-8C5E95EF6EBF}"
EndProject
Global
	GlobalSection(SolutionConfigurationPlatforms) = preSolution
		Debug|Any CPU = Debug|Any CPU
		Release|Any CPU = Release|Any CPU
	EndGlobalSection
	GlobalSection(ProjectConfigurationPlatforms) = postSolution
		{FB26B2FB-4963-4543-B633-8C5E95EF6EBF}.Debug|Any CPU.ActiveCfg = Debug|Any CPU
		{FB26B2FB-4963-4543-B633-8C5E95EF6EBF}.Debug|Any CPU.Build.0 = Debug|Any CPU
		{FB26B2FB-4963-4543-B633-8C5E95EF6EBF}.Release|Any CPU.ActiveCfg = Release|Any CPU
		{FB26B2FB-4963-4543-B633-8C5E95EF6EBF}.Release|Any CPU.Build.0 = Release|Any CPU
	EndGlobalSection
	GlobalSection(SolutionProperties) = preSolution
		HideSolutionNode = FALSE
	EndGlobalSection
	GlobalSection(ExtensibilityGlobals) = postSolution
		SolutionGuid = {D49B28CC-4AF8-49DE-8819-CC344A9DE6AF}
	EndGlobalSection
EndGlobal
